
Microsoft Visual Studio Solution File, Format Version 12.00
# Visual Studio Version 16
VisualStudioVersion = 16.0.31613.86
MinimumVisualStudioVersion = 10.0.40219.1
Project("{FAE04EC0-301F-11D3-BF4B-00C04F79EFBC}") = "EQLEM.FiyatGor.WebAPI", "EQLEM.FiyatGor.WebAPI\EQLEM.FiyatGor.WebAPI.csproj", "{B015539C-7D39-4207-906F-A744131BFB44}"
EndProject
Global
	GlobalSection(SolutionConfigurationPlatforms) = preSolution
		Debug|Any CPU = Debug|Any CPU
		Release|Any CPU = Release|Any CPU
	EndGlobalSection
	GlobalSection(ProjectConfigurationPlatforms) = postSolution
		{B015539C-7D39-4207-906F-A744131BFB44}.Debug|Any CPU.ActiveCfg = Debug|Any CPU
		{B015539C-7D39-4207-906F-A744131BFB44}.Debug|Any CPU.Build.0 = Debug|Any CPU
		{B015539C-7D39-4207-906F-A744131BFB44}.Release|Any CPU.ActiveCfg = Release|Any CPU
		{B015539C-7D39-4207-906F-A744131BFB44}.Release|Any CPU.Build.0 = Release|Any CPU
	EndGlobalSection
	GlobalSection(SolutionProperties) = preSolution
		HideSolutionNode = FALSE
	EndGlobalSection
	GlobalSection(ExtensibilityGlobals) = postSolution
		SolutionGuid = {CE48675F-1BD5-4714-871E-813C1888543D}
	EndGlobalSection
EndGlobal
